
Microsoft Visual Studio Solution File, Format Version 12.00
# Visual Studio Version 16
VisualStudioVersion = 16.0.31829.152
MinimumVisualStudioVersion = 10.0.40219.1
Project("{FAE04EC0-301F-11D3-BF4B-00C04F79EFBC}") = "Pali", "Pali\Pali.csproj", "{9BED5C0D-75A0-41AD-A50D-80C323F262D9}"
EndProject
Global
	GlobalSection(SolutionConfigurationPlatforms) = preSolution
		Debug|Any CPU = Debug|Any CPU
		Release|Any CPU = Release|Any CPU
	EndGlobalSection
	GlobalSection(ProjectConfigurationPlatforms) = postSolution
		{9BED5C0D-75A0-41AD-A50D-80C323F262D9}.Debug|Any CPU.ActiveCfg = Debug|Any CPU
		{9BED5C0D-75A0-41AD-A50D-80C323F262D9}.Debug|Any CPU.Build.0 = Debug|Any CPU
		{9BED5C0D-75A0-41AD-A50D-80C323F262D9}.Release|Any CPU.ActiveCfg = Release|Any CPU
		{9BED5C0D-75A0-41AD-A50D-80C323F262D9}.Release|Any CPU.Build.0 = Release|Any CPU
	EndGlobalSection
	GlobalSection(SolutionProperties) = preSolution
		HideSolutionNode = FALSE
	EndGlobalSection
	GlobalSection(ExtensibilityGlobals) = postSolution
		SolutionGuid = {50E49211-FAD3-45AE-961D-A471126BAAF3}
	EndGlobalSection
EndGlobal
